// !$*UTF8*$!
{
	archiveVersion = 1;
	classes = {
	};
	objectVersion = 55;
	objects = {

/* Begin PBXBuildFile section */
		A001B2182827DFA400D7AFE1 /* AddTransactionViewController.swift in Sources */ = {isa = PBXBuildFile; fileRef = A001B2172827DFA400D7AFE1 /* AddTransactionViewController.swift */; };
		A001B21B2828034500D7AFE1 /* Core Data Model.xcdatamodeld in Sources */ = {isa = PBXBuildFile; fileRef = A001B2192828034500D7AFE1 /* Core Data Model.xcdatamodeld */; };
		A0B49E382827ADAC00E7ED33 /* AppDelegate.swift in Sources */ = {isa = PBXBuildFile; fileRef = A0B49E372827ADAC00E7ED33 /* AppDelegate.swift */; };
		A0B49E3A2827ADAC00E7ED33 /* SceneDelegate.swift in Sources */ = {isa = PBXBuildFile; fileRef = A0B49E392827ADAC00E7ED33 /* SceneDelegate.swift */; };
		A0B49E3C2827ADAC00E7ED33 /* ViewController.swift in Sources */ = {isa = PBXBuildFile; fileRef = A0B49E3B2827ADAC00E7ED33 /* ViewController.swift */; };
		A0B49E3F2827ADAC00E7ED33 /* Main.storyboard in Resources */ = {isa = PBXBuildFile; fileRef = A0B49E3D2827ADAC00E7ED33 /* Main.storyboard */; };
		A0B49E412827ADAE00E7ED33 /* Assets.xcassets in Resources */ = {isa = PBXBuildFile; fileRef = A0B49E402827ADAE00E7ED33 /* Assets.xcassets */; };
		A0B49E442827ADAE00E7ED33 /* LaunchScreen.storyboard in Resources */ = {isa = PBXBuildFile; fileRef = A0B49E422827ADAE00E7ED33 /* LaunchScreen.storyboard */; };
		A0B49E532827BDA300E7ED33 /* CustomTableViewCell.swift in Sources */ = {isa = PBXBuildFile; fileRef = A0B49E512827BDA300E7ED33 /* CustomTableViewCell.swift */; };
		A0B49E542827BDA300E7ED33 /* CustomTableViewCell.xib in Resources */ = {isa = PBXBuildFile; fileRef = A0B49E522827BDA300E7ED33 /* CustomTableViewCell.xib */; };
		A0B49E562827C51D00E7ED33 /* DataClass.swift in Sources */ = {isa = PBXBuildFile; fileRef = A0B49E552827C51D00E7ED33 /* DataClass.swift */; };
/* End PBXBuildFile section */

/* Begin PBXFileReference section */
		A001B2172827DFA400D7AFE1 /* AddTransactionViewController.swift */ = {isa = PBXFileReference; lastKnownFileType = sourcecode.swift; path = AddTransactionViewController.swift; sourceTree = "<group>"; };
		A001B21A2828034500D7AFE1 /* Core Data Model.xcdatamodel */ = {isa = PBXFileReference; lastKnownFileType = wrapper.xcdatamodel; path = "Core Data Model.xcdatamodel"; sourceTree = "<group>"; };
		A0B49E342827ADAC00E7ED33 /* ExpenseTracker.app */ = {isa = PBXFileReference; explicitFileType = wrapper.application; includeInIndex = 0; path = ExpenseTracker.app; sourceTree = BUILT_PRODUCTS_DIR; };
		A0B49E372827ADAC00E7ED33 /* AppDelegate.swift */ = {isa = PBXFileReference; lastKnownFileType = sourcecode.swift; path = AppDelegate.swift; sourceTree = "<group>"; };
		A0B49E392827ADAC00E7ED33 /* SceneDelegate.swift */ = {isa = PBXFileReference; lastKnownFileType = sourcecode.swift; path = SceneDelegate.swift; sourceTree = "<group>"; };
		A0B49E3B2827ADAC00E7ED33 /* ViewController.swift */ = {isa = PBXFileReference; lastKnownFileType = sourcecode.swift; path = ViewController.swift; sourceTree = "<group>"; };
		A0B49E3E2827ADAC00E7ED33 /* Base */ = {isa = PBXFileReference; lastKnownFileType = file.storyboard; name = Base; path = Base.lproj/Main.storyboard; sourceTree = "<group>"; };
		A0B49E402827ADAE00E7ED33 /* Assets.xcassets */ = {isa = PBXFileReference; lastKnownFileType = folder.assetcatalog; path = Assets.xcassets; sourceTree = "<group>"; };
		A0B49E432827ADAE00E7ED33 /* Base */ = {isa = PBXFileReference; lastKnownFileType = file.storyboard; name = Base; path = Base.lproj/LaunchScreen.storyboard; sourceTree = "<group>"; };
		A0B49E452827ADAE00E7ED33 /* Info.plist */ = {isa = PBXFileReference; lastKnownFileType = text.plist.xml; path = Info.plist; sourceTree = "<group>"; };
		A0B49E512827BDA300E7ED33 /* CustomTableViewCell.swift */ = {isa = PBXFileReference; lastKnownFileType = sourcecode.swift; path = CustomTableViewCell.swift; sourceTree = "<group>"; };
		A0B49E522827BDA300E7ED33 /* CustomTableViewCell.xib */ = {isa = PBXFileReference; lastKnownFileType = file.xib; path = CustomTableViewCell.xib; sourceTree = "<group>"; };
		A0B49E552827C51D00E7ED33 /* DataClass.swift */ = {isa = PBXFileReference; lastKnownFileType = sourcecode.swift; path = DataClass.swift; sourceTree = "<group>"; };
/* End PBXFileReference section */

/* Begin PBXFrameworksBuildPhase section */
		A0B49E312827ADAC00E7ED33 /* Frameworks */ = {
			isa = PBXFrameworksBuildPhase;
			buildActionMask = 2147483647;
			files = (
			);
			runOnlyForDeploymentPostprocessing = 0;
		};
/* End PBXFrameworksBuildPhase section */

/* Begin PBXGroup section */
		A0B49E2B2827ADAC00E7ED33 = {
			isa = PBXGroup;
			children = (
				A0B49E362827ADAC00E7ED33 /* ExpenseTracker */,
				A0B49E352827ADAC00E7ED33 /* Products */,
			);
			sourceTree = "<group>";
		};
		A0B49E352827ADAC00E7ED33 /* Products */ = {
			isa = PBXGroup;
			children = (
				A0B49E342827ADAC00E7ED33 /* ExpenseTracker.app */,
			);
			name = Products;
			sourceTree = "<group>";
		};
		A0B49E362827ADAC00E7ED33 /* ExpenseTracker */ = {
			isa = PBXGroup;
			children = (
				A0B49E4D2827ADE700E7ED33 /* Model */,
				A0B49E4C2827ADDB00E7ED33 /* View */,
				A0B49E4B2827ADD100E7ED33 /* Controller */,
				A0B49E402827ADAE00E7ED33 /* Assets.xcassets */,
				A0B49E452827ADAE00E7ED33 /* Info.plist */,
				A001B2192828034500D7AFE1 /* Core Data Model.xcdatamodeld */,
			);
			path = ExpenseTracker;
			sourceTree = "<group>";
		};
		A0B49E4B2827ADD100E7ED33 /* Controller */ = {
			isa = PBXGroup;
			children = (
				A0B49E372827ADAC00E7ED33 /* AppDelegate.swift */,
				A0B49E392827ADAC00E7ED33 /* SceneDelegate.swift */,
				A0B49E3B2827ADAC00E7ED33 /* ViewController.swift */,
				A0B49E512827BDA300E7ED33 /* CustomTableViewCell.swift */,
				A001B2172827DFA400D7AFE1 /* AddTransactionViewController.swift */,
			);
			path = Controller;
			sourceTree = "<group>";
		};
		A0B49E4C2827ADDB00E7ED33 /* View */ = {
			isa = PBXGroup;
			children = (
				A0B49E3D2827ADAC00E7ED33 /* Main.storyboard */,
				A0B49E422827ADAE00E7ED33 /* LaunchScreen.storyboard */,
				A0B49E522827BDA300E7ED33 /* CustomTableViewCell.xib */,
			);
			path = View;
			sourceTree = "<group>";
		};
		A0B49E4D2827ADE700E7ED33 /* Model */ = {
			isa = PBXGroup;
			children = (
				A0B49E552827C51D00E7ED33 /* DataClass.swift */,
			);
			path = Model;
			sourceTree = "<group>";
		};
/* End PBXGroup section */

/* Begin PBXNativeTarget section */
		A0B49E332827ADAC00E7ED33 /* ExpenseTracker */ = {
			isa = PBXNativeTarget;
			buildConfigurationList = A0B49E482827ADAE00E7ED33 /* Build configuration list for PBXNativeTarget "ExpenseTracker" */;
			buildPhases = (
				A0B49E302827ADAC00E7ED33 /* Sources */,
				A0B49E312827ADAC00E7ED33 /* Frameworks */,
				A0B49E322827ADAC00E7ED33 /* Resources */,
			);
			buildRules = (
			);
			dependencies = (
			);
			name = ExpenseTracker;
			productName = ExpenseTracker;
			productReference = A0B49E342827ADAC00E7ED33 /* ExpenseTracker.app */;
			productType = "com.apple.product-type.application";
		};
/* End PBXNativeTarget section */

/* Begin PBXProject section */
		A0B49E2C2827ADAC00E7ED33 /* Project object */ = {
			isa = PBXProject;
			attributes = {
				BuildIndependentTargetsInParallel = 1;
				LastSwiftUpdateCheck = 1330;
				LastUpgradeCheck = 1330;
				TargetAttributes = {
					A0B49E332827ADAC00E7ED33 = {
						CreatedOnToolsVersion = 13.3.1;
					};
				};
			};
			buildConfigurationList = A0B49E2F2827ADAC00E7ED33 /* Build configuration list for PBXProject "ExpenseTracker" */;
			compatibilityVersion = "Xcode 13.0";
			developmentRegion = en;
			hasScannedForEncodings = 0;
			knownRegions = (
				en,
				Base,
			);
			mainGroup = A0B49E2B2827ADAC00E7ED33;
			productRefGroup = A0B49E352827ADAC00E7ED33 /* Products */;
			projectDirPath = "";
			projectRoot = "";
			targets = (
				A0B49E332827ADAC00E7ED33 /* ExpenseTracker */,
			);
		};
/* End PBXProject section */

/* Begin PBXResourcesBuildPhase section */
		A0B49E322827ADAC00E7ED33 /* Resources */ = {
			isa = PBXResourcesBuildPhase;
			buildActionMask = 2147483647;
			files = (
				A0B49E442827ADAE00E7ED33 /* LaunchScreen.storyboard in Resources */,
				A0B49E412827ADAE00E7ED33 /* Assets.xcassets in Resources */,
				A0B49E542827BDA300E7ED33 /* CustomTableViewCell.xib in Resources */,
				A0B49E3F2827ADAC00E7ED33 /* Main.storyboard in Resources */,
			);
			runOnlyForDeploymentPostprocessing = 0;
		};
/* End PBXResourcesBuildPhase section */

/* Begin PBXSourcesBuildPhase section */
		A0B49E302827ADAC00E7ED33 /* Sources */ = {
			isa = PBXSourcesBuildPhase;
			buildActionMask = 2147483647;
			files = (
				A0B49E3C2827ADAC00E7ED33 /* ViewController.swift in Sources */,
				A0B49E382827ADAC00E7ED33 /* AppDelegate.swift in Sources */,
				A001B21B2828034500D7AFE1 /* Core Data Model.xcdatamodeld in Sources */,
				A0B49E562827C51D00E7ED33 /* DataClass.swift in Sources */,
				A001B2182827DFA400D7AFE1 /* AddTransactionViewController.swift in Sources */,
				A0B49E532827BDA300E7ED33 /* CustomTableViewCell.swift in Sources */,
				A0B49E3A2827ADAC00E7ED33 /* SceneDelegate.swift in Sources */,
			);
			runOnlyForDeploymentPostprocessing = 0;
		};
/* End PBXSourcesBuildPhase section */

/* Begin PBXVariantGroup section */
		A0B49E3D2827ADAC00E7ED33 /* Main.storyboard */ = {
			isa = PBXVariantGroup;
			children = (
				A0B49E3E2827ADAC00E7ED33 /* Base */,
			);
			name = Main.storyboard;
			sourceTree = "<group>";
		};
		A0B49E422827ADAE00E7ED33 /* LaunchScreen.storyboard */ = {
			isa = PBXVariantGroup;
			children = (
				A0B49E432827ADAE00E7ED33 /* Base */,
			);
			name = LaunchScreen.storyboard;
			sourceTree = "<group>";
		};
/* End PBXVariantGroup section */

/* Begin XCBuildConfiguration section */
		A0B49E462827ADAE00E7ED33 /* Debug */ = {
			isa = XCBuildConfiguration;
			buildSettings = {
				ALWAYS_SEARCH_USER_PATHS = NO;
				CLANG_ANALYZER_NONNULL = YES;
				CLANG_ANALYZER_NUMBER_OBJECT_CONVERSION = YES_AGGRESSIVE;
				CLANG_CXX_LANGUAGE_STANDARD = "gnu++17";
				CLANG_ENABLE_MODULES = YES;
				CLANG_ENABLE_OBJC_ARC = YES;
				CLANG_ENABLE_OBJC_WEAK = YES;
				CLANG_WARN_BLOCK_CAPTURE_AUTORELEASING = YES;
				CLANG_WARN_BOOL_CONVERSION = YES;
				CLANG_WARN_COMMA = YES;
				CLANG_WARN_CONSTANT_CONVERSION = YES;
				CLANG_WARN_DEPRECATED_OBJC_IMPLEMENTATIONS = YES;
				CLANG_WARN_DIRECT_OBJC_ISA_USAGE = YES_ERROR;
				CLANG_WARN_DOCUMENTATION_COMMENTS = YES;
				CLANG_WARN_EMPTY_BODY = YES;
				CLANG_WARN_ENUM_CONVERSION = YES;
				CLANG_WARN_INFINITE_RECURSION = YES;
				CLANG_WARN_INT_CONVERSION = YES;
				CLANG_WARN_NON_LITERAL_NULL_CONVERSION = YES;
				CLANG_WARN_OBJC_IMPLICIT_RETAIN_SELF = YES;
				CLANG_WARN_OBJC_LITERAL_CONVERSION = YES;
				CLANG_WARN_OBJC_ROOT_CLASS = YES_ERROR;
				CLANG_WARN_QUOTED_INCLUDE_IN_FRAMEWORK_HEADER = YES;
				CLANG_WARN_RANGE_LOOP_ANALYSIS = YES;
				CLANG_WARN_STRICT_PROTOTYPES = YES;
				CLANG_WARN_SUSPICIOUS_MOVE = YES;
				CLANG_WARN_UNGUARDED_AVAILABILITY = YES_AGGRESSIVE;
				CLANG_WARN_UNREACHABLE_CODE = YES;
				CLANG_WARN__DUPLICATE_METHOD_MATCH = YES;
				COPY_PHASE_STRIP = NO;
				DEBUG_INFORMATION_FORMAT = dwarf;
				ENABLE_STRICT_OBJC_MSGSEND = YES;
				ENABLE_TESTABILITY = YES;
				GCC_C_LANGUAGE_STANDARD = gnu11;
				GCC_DYNAMIC_NO_PIC = NO;
				GCC_NO_COMMON_BLOCKS = YES;
				GCC_OPTIMIZATION_LEVEL = 0;
				GCC_PREPROCESSOR_DEFINITIONS = (
					"DEBUG=1",
					"$(inherited)",
				);
				GCC_WARN_64_TO_32_BIT_CONVERSION = YES;
				GCC_WARN_ABOUT_RETURN_TYPE = YES_ERROR;
				GCC_WARN_UNDECLARED_SELECTOR = YES;
				GCC_WARN_UNINITIALIZED_AUTOS = YES_AGGRESSIVE;
				GCC_WARN_UNUSED_FUNCTION = YES;
				GCC_WARN_UNUSED_VARIABLE = YES;
				IPHONEOS_DEPLOYMENT_TARGET = 15.4;
				MTL_ENABLE_DEBUG_INFO = INCLUDE_SOURCE;
				MTL_FAST_MATH = YES;
				ONLY_ACTIVE_ARCH = YES;
				SDKROOT = iphoneos;
				SWIFT_ACTIVE_COMPILATION_CONDITIONS = DEBUG;
				SWIFT_OPTIMIZATION_LEVEL = "-Onone";
			};
			name = Debug;
		};
		A0B49E472827ADAE00E7ED33 /* Release */ = {
			isa = XCBuildConfiguration;
			buildSettings = {
				ALWAYS_SEARCH_USER_PATHS = NO;
				CLANG_ANALYZER_NONNULL = YES;
				CLANG_ANALYZER_NUMBER_OBJECT_CONVERSION = YES_AGGRESSIVE;
				CLANG_CXX_LANGUAGE_STANDARD = "gnu++17";
				CLANG_ENABLE_MODULES = YES;
				CLANG_ENABLE_OBJC_ARC = YES;
				CLANG_ENABLE_OBJC_WEAK = YES;
				CLANG_WARN_BLOCK_CAPTURE_AUTORELEASING = YES;
				CLANG_WARN_BOOL_CONVERSION = YES;
				CLANG_WARN_COMMA = YES;
				CLANG_WARN_CONSTANT_CONVERSION = YES;
				CLANG_WARN_DEPRECATED_OBJC_IMPLEMENTATIONS = YES;
				CLANG_WARN_DIRECT_OBJC_ISA_USAGE = YES_ERROR;
				CLANG_WARN_DOCUMENTATION_COMMENTS = YES;
				CLANG_WARN_EMPTY_BODY = YES;
				CLANG_WARN_ENUM_CONVERSION = YES;
				CLANG_WARN_INFINITE_RECURSION = YES;
				CLANG_WARN_INT_CONVERSION = YES;
				CLANG_WARN_NON_LITERAL_NULL_CONVERSION = YES;
				CLANG_WARN_OBJC_IMPLICIT_RETAIN_SELF = YES;
				CLANG_WARN_OBJC_LITERAL_CONVERSION = YES;
				CLANG_WARN_OBJC_ROOT_CLASS = YES_ERROR;
				CLANG_WARN_QUOTED_INCLUDE_IN_FRAMEWORK_HEADER = YES;
				CLANG_WARN_RANGE_LOOP_ANALYSIS = YES;
				CLANG_WARN_STRICT_PROTOTYPES = YES;
				CLANG_WARN_SUSPICIOUS_MOVE = YES;
				CLANG_WARN_UNGUARDED_AVAILABILITY = YES_AGGRESSIVE;
				CLANG_WARN_UNREACHABLE_CODE = YES;
				CLANG_WARN__DUPLICATE_METHOD_MATCH = YES;
				COPY_PHASE_STRIP = NO;
				DEBUG_INFORMATION_FORMAT = "dwarf-with-dsym";
				ENABLE_NS_ASSERTIONS = NO;
				ENABLE_STRICT_OBJC_MSGSEND = YES;
				GCC_C_LANGUAGE_STANDARD = gnu11;
				GCC_NO_COMMON_BLOCKS = YES;
				GCC_WARN_64_TO_32_BIT_CONVERSION = YES;
				GCC_WARN_ABOUT_RETURN_TYPE = YES_ERROR;
				GCC_WARN_UNDECLARED_SELECTOR = YES;
				GCC_WARN_UNINITIALIZED_AUTOS = YES_AGGRESSIVE;
				GCC_WARN_UNUSED_FUNCTION = YES;
				GCC_WARN_UNUSED_VARIABLE = YES;
				IPHONEOS_DEPLOYMENT_TARGET = 15.4;
				MTL_ENABLE_DEBUG_INFO = NO;
				MTL_FAST_MATH = YES;
				SDKROOT = iphoneos;
				SWIFT_COMPILATION_MODE = wholemodule;
				SWIFT_OPTIMIZATION_LEVEL = "-O";
				VALIDATE_PRODUCT = YES;
			};
			name = Release;
		};
		A0B49E492827ADAE00E7ED33 /* Debug */ = {
			isa = XCBuildConfiguration;
			buildSettings = {
				ASSETCATALOG_COMPILER_APPICON_NAME = AppIcon;
				ASSETCATALOG_COMPILER_GLOBAL_ACCENT_COLOR_NAME = AccentColor;
				CODE_SIGN_STYLE = Automatic;
				CURRENT_PROJECT_VERSION = 1;
				GENERATE_INFOPLIST_FILE = YES;
				INFOPLIST_FILE = ExpenseTracker/Info.plist;
				INFOPLIST_KEY_UIApplicationSupportsIndirectInputEvents = YES;
				INFOPLIST_KEY_UILaunchStoryboardName = LaunchScreen;
				INFOPLIST_KEY_UIMainStoryboardFile = Main;
				INFOPLIST_KEY_UISupportedInterfaceOrientations_iPad = "UIInterfaceOrientationPortrait UIInterfaceOrientationPortraitUpsideDown UIInterfaceOrientationLandscapeLeft UIInterfaceOrientationLandscapeRight";
				INFOPLIST_KEY_UISupportedInterfaceOrientations_iPhone = "UIInterfaceOrientationPortrait UIInterfaceOrientationLandscapeLeft UIInterfaceOrientationLandscapeRight";
				LD_RUNPATH_SEARCH_PATHS = (
					"$(inherited)",
					"@executable_path/Frameworks",
				);
				MARKETING_VERSION = 1.0;
				PRODUCT_BUNDLE_IDENTIFIER = RishabhGoyal.ExpenseTracker;
				PRODUCT_NAME = "$(TARGET_NAME)";
				SWIFT_EMIT_LOC_STRINGS = YES;
				SWIFT_VERSION = 5.0;
				TARGETED_DEVICE_FAMILY = "1,2";
			};
			name = Debug;
		};
		A0B49E4A2827ADAE00E7ED33 /* Release */ = {
			isa = XCBuildConfiguration;
			buildSettings = {
				ASSETCATALOG_COMPILER_APPICON_NAME = AppIcon;
				ASSETCATALOG_COMPILER_GLOBAL_ACCENT_COLOR_NAME = AccentColor;
				CODE_SIGN_STYLE = Automatic;
				CURRENT_PROJECT_VERSION = 1;
				GENERATE_INFOPLIST_FILE = YES;
				INFOPLIST_FILE = ExpenseTracker/Info.plist;
				INFOPLIST_KEY_UIApplicationSupportsIndirectInputEvents = YES;
				INFOPLIST_KEY_UILaunchStoryboardName = LaunchScreen;
				INFOPLIST_KEY_UIMainStoryboardFile = Main;
				INFOPLIST_KEY_UISupportedInterfaceOrientations_iPad = "UIInterfaceOrientationPortrait UIInterfaceOrientationPortraitUpsideDown UIInterfaceOrientationLandscapeLeft UIInterfaceOrientationLandscapeRight";
				INFOPLIST_KEY_UISupportedInterfaceOrientations_iPhone = "UIInterfaceOrientationPortrait UIInterfaceOrientationLandscapeLeft UIInterfaceOrientationLandscapeRight";
				LD_RUNPATH_SEARCH_PATHS = (
					"$(inherited)",
					"@executable_path/Frameworks",
				);
				MARKETING_VERSION = 1.0;
				PRODUCT_BUNDLE_IDENTIFIER = RishabhGoyal.ExpenseTracker;
				PRODUCT_NAME = "$(TARGET_NAME)";
				SWIFT_EMIT_LOC_STRINGS = YES;
				SWIFT_VERSION = 5.0;
				TARGETED_DEVICE_FAMILY = "1,2";
			};
			name = Release;
		};
/* End XCBuildConfiguration section */

/* Begin XCConfigurationList section */
		A0B49E2F2827ADAC00E7ED33 /* Build configuration list for PBXProject "ExpenseTracker" */ = {
			isa = XCConfigurationList;
			buildConfigurations = (
				A0B49E462827ADAE00E7ED33 /* Debug */,
				A0B49E472827ADAE00E7ED33 /* Release */,
			);
			defaultConfigurationIsVisible = 0;
			defaultConfigurationName = Release;
		};
		A0B49E482827ADAE00E7ED33 /* Build configuration list for PBXNativeTarget "ExpenseTracker" */ = {
			isa = XCConfigurationList;
			buildConfigurations = (
				A0B49E492827ADAE00E7ED33 /* Debug */,
				A0B49E4A2827ADAE00E7ED33 /* Release */,
			);
			defaultConfigurationIsVisible = 0;
			defaultConfigurationName = Release;
		};
/* End XCConfigurationList section */

/* Begin XCVersionGroup section */
		A001B2192828034500D7AFE1 /* Core Data Model.xcdatamodeld */ = {
			isa = XCVersionGroup;
			children = (
				A001B21A2828034500D7AFE1 /* Core Data Model.xcdatamodel */,
			);
			currentVersion = A001B21A2828034500D7AFE1 /* Core Data Model.xcdatamodel */;
			path = "Core Data Model.xcdatamodeld";
			sourceTree = "<group>";
			versionGroupType = wrapper.xcdatamodel;
		};
/* End XCVersionGroup section */
	};
	rootObject = A0B49E2C2827ADAC00E7ED33 /* Project object */;
}
